
Microsoft Visual Studio Solution File, Format Version 12.00
# Visual Studio 14
VisualStudioVersion = 14.0.25420.1
MinimumVisualStudioVersion = 10.0.40219.1
Project("{FAE04EC0-301F-11D3-BF4B-00C04F79EFBC}") = "Program", "Program\Program.csproj", "{5CD08F40-15E9-4616-84A5-30B43BE5F0F7}"
EndProject
Project("{FAE04EC0-301F-11D3-BF4B-00C04F79EFBC}") = "ProgramTests", "ProgramTests\ProgramTests.csproj", "{94195435-A003-4671-90BF-D246B9499616}"
EndProject
Global
	GlobalSection(SolutionConfigurationPlatforms) = preSolution
		Debug|Any CPU = Debug|Any CPU
		Release|Any CPU = Release|Any CPU
	EndGlobalSection
	GlobalSection(ProjectConfigurationPlatforms) = postSolution
		{5CD08F40-15E9-4616-84A5-30B43BE5F0F7}.Debug|Any CPU.ActiveCfg = Debug|Any CPU
		{5CD08F40-15E9-4616-84A5-30B43BE5F0F7}.Debug|Any CPU.Build.0 = Debug|Any CPU
		{5CD08F40-15E9-4616-84A5-30B43BE5F0F7}.Release|Any CPU.ActiveCfg = Release|Any CPU
		{5CD08F40-15E9-4616-84A5-30B43BE5F0F7}.Release|Any CPU.Build.0 = Release|Any CPU
		{94195435-A003-4671-90BF-D246B9499616}.Debug|Any CPU.ActiveCfg = Debug|Any CPU
		{94195435-A003-4671-90BF-D246B9499616}.Debug|Any CPU.Build.0 = Debug|Any CPU
		{94195435-A003-4671-90BF-D246B9499616}.Release|Any CPU.ActiveCfg = Release|Any CPU
		{94195435-A003-4671-90BF-D246B9499616}.Release|Any CPU.Build.0 = Release|Any CPU
	EndGlobalSection
	GlobalSection(SolutionProperties) = preSolution
		HideSolutionNode = FALSE
	EndGlobalSection
EndGlobal
